
Microsoft Visual Studio Solution File, Format Version 12.00
# Visual Studio Version 17
VisualStudioVersion = 17.3.32825.248
MinimumVisualStudioVersion = 10.0.40219.1
Project("{8BC9CEB8-8B4A-11D0-8D11-00A0C91BC942}") = "Client-Code", "Client-Code\Tut 7 - Server.vcxproj", "{BD060697-ED9A-4A67-B61C-8C08F7CF6B87}"
EndProject
Global
	GlobalSection(SolutionConfigurationPlatforms) = preSolution
		Debug|Win32 = Debug|Win32
		Release|Win32 = Release|Win32
	EndGlobalSection
	GlobalSection(ProjectConfigurationPlatforms) = postSolution
		{BD060697-ED9A-4A67-B61C-8C08F7CF6B87}.Debug|Win32.ActiveCfg = Debug|Win32
		{BD060697-ED9A-4A67-B61C-8C08F7CF6B87}.Debug|Win32.Build.0 = Debug|Win32
		{BD060697-ED9A-4A67-B61C-8C08F7CF6B87}.Release|Win32.ActiveCfg = Release|Win32
		{BD060697-ED9A-4A67-B61C-8C08F7CF6B87}.Release|Win32.Build.0 = Release|Win32
	EndGlobalSection
	GlobalSection(SolutionProperties) = preSolution
		HideSolutionNode = FALSE
	EndGlobalSection
	GlobalSection(ExtensibilityGlobals) = postSolution
		SolutionGuid = {3F1DFB9C-980B-4F2F-B630-2CCD2BDD6C98}
	EndGlobalSection
EndGlobal
